// !$*UTF8*$!
{
	archiveVersion = 1;
	classes = {
	};
	objectVersion = 50;
	objects = {

/* Begin PBXBuildFile section */
		9948C5F82464B91E0056B344 /* AppDelegate.swift in Sources */ = {isa = PBXBuildFile; fileRef = 9948C5F72464B91E0056B344 /* AppDelegate.swift */; };
		9948C5FA2464B91E0056B344 /* SceneDelegate.swift in Sources */ = {isa = PBXBuildFile; fileRef = 9948C5F92464B91E0056B344 /* SceneDelegate.swift */; };
		9948C5FC2464B91E0056B344 /* ContentView.swift in Sources */ = {isa = PBXBuildFile; fileRef = 9948C5FB2464B91E0056B344 /* ContentView.swift */; };
		9948C5FE2464B9210056B344 /* Assets.xcassets in Resources */ = {isa = PBXBuildFile; fileRef = 9948C5FD2464B9210056B344 /* Assets.xcassets */; };
		9948C6012464B9210056B344 /* Preview Assets.xcassets in Resources */ = {isa = PBXBuildFile; fileRef = 9948C6002464B9210056B344 /* Preview Assets.xcassets */; };
		9948C6042464B9210056B344 /* LaunchScreen.storyboard in Resources */ = {isa = PBXBuildFile; fileRef = 9948C6022464B9210056B344 /* LaunchScreen.storyboard */; };
		9948C60F2464B9210056B344 /* MaskDetectorTests.swift in Sources */ = {isa = PBXBuildFile; fileRef = 9948C60E2464B9210056B344 /* MaskDetectorTests.swift */; };
		9948C61A2464B9210056B344 /* MaskDetectorUITests.swift in Sources */ = {isa = PBXBuildFile; fileRef = 9948C6192464B9210056B344 /* MaskDetectorUITests.swift */; };
		9948C6282464B99C0056B344 /* mask_detector.mlmodel in Sources */ = {isa = PBXBuildFile; fileRef = 9948C6272464B99B0056B344 /* mask_detector.mlmodel */; };
/* End PBXBuildFile section */

/* Begin PBXContainerItemProxy section */
		9948C60B2464B9210056B344 /* PBXContainerItemProxy */ = {
			isa = PBXContainerItemProxy;
			containerPortal = 9948C5EC2464B91E0056B344 /* Project object */;
			proxyType = 1;
			remoteGlobalIDString = 9948C5F32464B91E0056B344;
			remoteInfo = MaskDetector;
		};
		9948C6162464B9210056B344 /* PBXContainerItemProxy */ = {
			isa = PBXContainerItemProxy;
			containerPortal = 9948C5EC2464B91E0056B344 /* Project object */;
			proxyType = 1;
			remoteGlobalIDString = 9948C5F32464B91E0056B344;
			remoteInfo = MaskDetector;
		};
/* End PBXContainerItemProxy section */

/* Begin PBXFileReference section */
		9948C5F42464B91E0056B344 /* MaskDetector.app */ = {isa = PBXFileReference; explicitFileType = wrapper.application; includeInIndex = 0; path = MaskDetector.app; sourceTree = BUILT_PRODUCTS_DIR; };
		9948C5F72464B91E0056B344 /* AppDelegate.swift */ = {isa = PBXFileReference; lastKnownFileType = sourcecode.swift; path = AppDelegate.swift; sourceTree = "<group>"; };
		9948C5F92464B91E0056B344 /* SceneDelegate.swift */ = {isa = PBXFileReference; lastKnownFileType = sourcecode.swift; path = SceneDelegate.swift; sourceTree = "<group>"; };
		9948C5FB2464B91E0056B344 /* ContentView.swift */ = {isa = PBXFileReference; lastKnownFileType = sourcecode.swift; path = ContentView.swift; sourceTree = "<group>"; };
		9948C5FD2464B9210056B344 /* Assets.xcassets */ = {isa = PBXFileReference; lastKnownFileType = folder.assetcatalog; path = Assets.xcassets; sourceTree = "<group>"; };
		9948C6002464B9210056B344 /* Preview Assets.xcassets */ = {isa = PBXFileReference; lastKnownFileType = folder.assetcatalog; path = "Preview Assets.xcassets"; sourceTree = "<group>"; };
		9948C6032464B9210056B344 /* Base */ = {isa = PBXFileReference; lastKnownFileType = file.storyboard; name = Base; path = Base.lproj/LaunchScreen.storyboard; sourceTree = "<group>"; };
		9948C6052464B9210056B344 /* Info.plist */ = {isa = PBXFileReference; lastKnownFileType = text.plist.xml; path = Info.plist; sourceTree = "<group>"; };
		9948C60A2464B9210056B344 /* MaskDetectorTests.xctest */ = {isa = PBXFileReference; explicitFileType = wrapper.cfbundle; includeInIndex = 0; path = MaskDetectorTests.xctest; sourceTree = BUILT_PRODUCTS_DIR; };
		9948C60E2464B9210056B344 /* MaskDetectorTests.swift */ = {isa = PBXFileReference; lastKnownFileType = sourcecode.swift; path = MaskDetectorTests.swift; sourceTree = "<group>"; };
		9948C6102464B9210056B344 /* Info.plist */ = {isa = PBXFileReference; lastKnownFileType = text.plist.xml; path = Info.plist; sourceTree = "<group>"; };
		9948C6152464B9210056B344 /* MaskDetectorUITests.xctest */ = {isa = PBXFileReference; explicitFileType = wrapper.cfbundle; includeInIndex = 0; path = MaskDetectorUITests.xctest; sourceTree = BUILT_PRODUCTS_DIR; };
		9948C6192464B9210056B344 /* MaskDetectorUITests.swift */ = {isa = PBXFileReference; lastKnownFileType = sourcecode.swift; path = MaskDetectorUITests.swift; sourceTree = "<group>"; };
		9948C61B2464B9210056B344 /* Info.plist */ = {isa = PBXFileReference; lastKnownFileType = text.plist.xml; path = Info.plist; sourceTree = "<group>"; };
		9948C6272464B99B0056B344 /* mask_detector.mlmodel */ = {isa = PBXFileReference; lastKnownFileType = file.mlmodel; name = mask_detector.mlmodel; path = ../../Keras_Model/mask_detector.mlmodel; sourceTree = "<group>"; };
/* End PBXFileReference section */

/* Begin PBXFrameworksBuildPhase section */
		9948C5F12464B91E0056B344 /* Frameworks */ = {
			isa = PBXFrameworksBuildPhase;
			buildActionMask = 2147483647;
			files = (
			);
			runOnlyForDeploymentPostprocessing = 0;
		};
		9948C6072464B9210056B344 /* Frameworks */ = {
			isa = PBXFrameworksBuildPhase;
			buildActionMask = 2147483647;
			files = (
			);
			runOnlyForDeploymentPostprocessing = 0;
		};
		9948C6122464B9210056B344 /* Frameworks */ = {
			isa = PBXFrameworksBuildPhase;
			buildActionMask = 2147483647;
			files = (
			);
			runOnlyForDeploymentPostprocessing = 0;
		};
/* End PBXFrameworksBuildPhase section */

/* Begin PBXGroup section */
		9948C5EB2464B91E0056B344 = {
			isa = PBXGroup;
			children = (
				9948C6272464B99B0056B344 /* mask_detector.mlmodel */,
				9948C5F62464B91E0056B344 /* MaskDetector */,
				9948C60D2464B9210056B344 /* MaskDetectorTests */,
				9948C6182464B9210056B344 /* MaskDetectorUITests */,
				9948C5F52464B91E0056B344 /* Products */,
			);
			sourceTree = "<group>";
		};
		9948C5F52464B91E0056B344 /* Products */ = {
			isa = PBXGroup;
			children = (
				9948C5F42464B91E0056B344 /* MaskDetector.app */,
				9948C60A2464B9210056B344 /* MaskDetectorTests.xctest */,
				9948C6152464B9210056B344 /* MaskDetectorUITests.xctest */,
			);
			name = Products;
			sourceTree = "<group>";
		};
		9948C5F62464B91E0056B344 /* MaskDetector */ = {
			isa = PBXGroup;
			children = (
				9948C5F72464B91E0056B344 /* AppDelegate.swift */,
				9948C5F92464B91E0056B344 /* SceneDelegate.swift */,
				9948C5FB2464B91E0056B344 /* ContentView.swift */,
				9948C5FD2464B9210056B344 /* Assets.xcassets */,
				9948C6022464B9210056B344 /* LaunchScreen.storyboard */,
				9948C6052464B9210056B344 /* Info.plist */,
				9948C5FF2464B9210056B344 /* Preview Content */,
			);
			path = MaskDetector;
			sourceTree = "<group>";
		};
		9948C5FF2464B9210056B344 /* Preview Content */ = {
			isa = PBXGroup;
			children = (
				9948C6002464B9210056B344 /* Preview Assets.xcassets */,
			);
			path = "Preview Content";
			sourceTree = "<group>";
		};
		9948C60D2464B9210056B344 /* MaskDetectorTests */ = {
			isa = PBXGroup;
			children = (
				9948C60E2464B9210056B344 /* MaskDetectorTests.swift */,
				9948C6102464B9210056B344 /* Info.plist */,
			);
			path = MaskDetectorTests;
			sourceTree = "<group>";
		};
		9948C6182464B9210056B344 /* MaskDetectorUITests */ = {
			isa = PBXGroup;
			children = (
				9948C6192464B9210056B344 /* MaskDetectorUITests.swift */,
				9948C61B2464B9210056B344 /* Info.plist */,
			);
			path = MaskDetectorUITests;
			sourceTree = "<group>";
		};
/* End PBXGroup section */

/* Begin PBXNativeTarget section */
		9948C5F32464B91E0056B344 /* MaskDetector */ = {
			isa = PBXNativeTarget;
			buildConfigurationList = 9948C61E2464B9210056B344 /* Build configuration list for PBXNativeTarget "MaskDetector" */;
			buildPhases = (
				9948C5F02464B91E0056B344 /* Sources */,
				9948C5F12464B91E0056B344 /* Frameworks */,
				9948C5F22464B91E0056B344 /* Resources */,
			);
			buildRules = (
			);
			dependencies = (
			);
			name = MaskDetector;
			productName = MaskDetector;
			productReference = 9948C5F42464B91E0056B344 /* MaskDetector.app */;
			productType = "com.apple.product-type.application";
		};
		9948C6092464B9210056B344 /* MaskDetectorTests */ = {
			isa = PBXNativeTarget;
			buildConfigurationList = 9948C6212464B9210056B344 /* Build configuration list for PBXNativeTarget "MaskDetectorTests" */;
			buildPhases = (
				9948C6062464B9210056B344 /* Sources */,
				9948C6072464B9210056B344 /* Frameworks */,
				9948C6082464B9210056B344 /* Resources */,
			);
			buildRules = (
			);
			dependencies = (
				9948C60C2464B9210056B344 /* PBXTargetDependency */,
			);
			name = MaskDetectorTests;
			productName = MaskDetectorTests;
			productReference = 9948C60A2464B9210056B344 /* MaskDetectorTests.xctest */;
			productType = "com.apple.product-type.bundle.unit-test";
		};
		9948C6142464B9210056B344 /* MaskDetectorUITests */ = {
			isa = PBXNativeTarget;
			buildConfigurationList = 9948C6242464B9210056B344 /* Build configuration list for PBXNativeTarget "MaskDetectorUITests" */;
			buildPhases = (
				9948C6112464B9210056B344 /* Sources */,
				9948C6122464B9210056B344 /* Frameworks */,
				9948C6132464B9210056B344 /* Resources */,
			);
			buildRules = (
			);
			dependencies = (
				9948C6172464B9210056B344 /* PBXTargetDependency */,
			);
			name = MaskDetectorUITests;
			productName = MaskDetectorUITests;
			productReference = 9948C6152464B9210056B344 /* MaskDetectorUITests.xctest */;
			productType = "com.apple.product-type.bundle.ui-testing";
		};
/* End PBXNativeTarget section */

/* Begin PBXProject section */
		9948C5EC2464B91E0056B344 /* Project object */ = {
			isa = PBXProject;
			attributes = {
				LastSwiftUpdateCheck = 1140;
				LastUpgradeCheck = 1140;
				ORGANIZATIONNAME = "Csaba Szigeti";
				TargetAttributes = {
					9948C5F32464B91E0056B344 = {
						CreatedOnToolsVersion = 11.4.1;
					};
					9948C6092464B9210056B344 = {
						CreatedOnToolsVersion = 11.4.1;
						TestTargetID = 9948C5F32464B91E0056B344;
					};
					9948C6142464B9210056B344 = {
						CreatedOnToolsVersion = 11.4.1;
						TestTargetID = 9948C5F32464B91E0056B344;
					};
				};
			};
			buildConfigurationList = 9948C5EF2464B91E0056B344 /* Build configuration list for PBXProject "MaskDetector" */;
			compatibilityVersion = "Xcode 9.3";
			developmentRegion = en;
			hasScannedForEncodings = 0;
			knownRegions = (
				en,
				Base,
			);
			mainGroup = 9948C5EB2464B91E0056B344;
			productRefGroup = 9948C5F52464B91E0056B344 /* Products */;
			projectDirPath = "";
			projectRoot = "";
			targets = (
				9948C5F32464B91E0056B344 /* MaskDetector */,
				9948C6092464B9210056B344 /* MaskDetectorTests */,
				9948C6142464B9210056B344 /* MaskDetectorUITests */,
			);
		};
/* End PBXProject section */

/* Begin PBXResourcesBuildPhase section */
		9948C5F22464B91E0056B344 /* Resources */ = {
			isa = PBXResourcesBuildPhase;
			buildActionMask = 2147483647;
			files = (
				9948C6042464B9210056B344 /* LaunchScreen.storyboard in Resources */,
				9948C6012464B9210056B344 /* Preview Assets.xcassets in Resources */,
				9948C5FE2464B9210056B344 /* Assets.xcassets in Resources */,
			);
			runOnlyForDeploymentPostprocessing = 0;
		};
		9948C6082464B9210056B344 /* Resources */ = {
			isa = PBXResourcesBuildPhase;
			buildActionMask = 2147483647;
			files = (
			);
			runOnlyForDeploymentPostprocessing = 0;
		};
		9948C6132464B9210056B344 /* Resources */ = {
			isa = PBXResourcesBuildPhase;
			buildActionMask = 2147483647;
			files = (
			);
			runOnlyForDeploymentPostprocessing = 0;
		};
/* End PBXResourcesBuildPhase section */

/* Begin PBXSourcesBuildPhase section */
		9948C5F02464B91E0056B344 /* Sources */ = {
			isa = PBXSourcesBuildPhase;
			buildActionMask = 2147483647;
			files = (
				9948C5F82464B91E0056B344 /* AppDelegate.swift in Sources */,
				9948C5FA2464B91E0056B344 /* SceneDelegate.swift in Sources */,
				9948C6282464B99C0056B344 /* mask_detector.mlmodel in Sources */,
				9948C5FC2464B91E0056B344 /* ContentView.swift in Sources */,
			);
			runOnlyForDeploymentPostprocessing = 0;
		};
		9948C6062464B9210056B344 /* Sources */ = {
			isa = PBXSourcesBuildPhase;
			buildActionMask = 2147483647;
			files = (
				9948C60F2464B9210056B344 /* MaskDetectorTests.swift in Sources */,
			);
			runOnlyForDeploymentPostprocessing = 0;
		};
		9948C6112464B9210056B344 /* Sources */ = {
			isa = PBXSourcesBuildPhase;
			buildActionMask = 2147483647;
			files = (
				9948C61A2464B9210056B344 /* MaskDetectorUITests.swift in Sources */,
			);
			runOnlyForDeploymentPostprocessing = 0;
		};
/* End PBXSourcesBuildPhase section */

/* Begin PBXTargetDependency section */
		9948C60C2464B9210056B344 /* PBXTargetDependency */ = {
			isa = PBXTargetDependency;
			target = 9948C5F32464B91E0056B344 /* MaskDetector */;
			targetProxy = 9948C60B2464B9210056B344 /* PBXContainerItemProxy */;
		};
		9948C6172464B9210056B344 /* PBXTargetDependency */ = {
			isa = PBXTargetDependency;
			target = 9948C5F32464B91E0056B344 /* MaskDetector */;
			targetProxy = 9948C6162464B9210056B344 /* PBXContainerItemProxy */;
		};
/* End PBXTargetDependency section */

/* Begin PBXVariantGroup section */
		9948C6022464B9210056B344 /* LaunchScreen.storyboard */ = {
			isa = PBXVariantGroup;
			children = (
				9948C6032464B9210056B344 /* Base */,
			);
			name = LaunchScreen.storyboard;
			sourceTree = "<group>";
		};
/* End PBXVariantGroup section */

/* Begin XCBuildConfiguration section */
		9948C61C2464B9210056B344 /* Debug */ = {
			isa = XCBuildConfiguration;
			buildSettings = {
				ALWAYS_SEARCH_USER_PATHS = NO;
				CLANG_ANALYZER_NONNULL = YES;
				CLANG_ANALYZER_NUMBER_OBJECT_CONVERSION = YES_AGGRESSIVE;
				CLANG_CXX_LANGUAGE_STANDARD = "gnu++14";
				CLANG_CXX_LIBRARY = "libc++";
				CLANG_ENABLE_MODULES = YES;
				CLANG_ENABLE_OBJC_ARC = YES;
				CLANG_ENABLE_OBJC_WEAK = YES;
				CLANG_WARN_BLOCK_CAPTURE_AUTORELEASING = YES;
				CLANG_WARN_BOOL_CONVERSION = YES;
				CLANG_WARN_COMMA = YES;
				CLANG_WARN_CONSTANT_CONVERSION = YES;
				CLANG_WARN_DEPRECATED_OBJC_IMPLEMENTATIONS = YES;
				CLANG_WARN_DIRECT_OBJC_ISA_USAGE = YES_ERROR;
				CLANG_WARN_DOCUMENTATION_COMMENTS = YES;
				CLANG_WARN_EMPTY_BODY = YES;
				CLANG_WARN_ENUM_CONVERSION = YES;
				CLANG_WARN_INFINITE_RECURSION = YES;
				CLANG_WARN_INT_CONVERSION = YES;
				CLANG_WARN_NON_LITERAL_NULL_CONVERSION = YES;
				CLANG_WARN_OBJC_IMPLICIT_RETAIN_SELF = YES;
				CLANG_WARN_OBJC_LITERAL_CONVERSION = YES;
				CLANG_WARN_OBJC_ROOT_CLASS = YES_ERROR;
				CLANG_WARN_RANGE_LOOP_ANALYSIS = YES;
				CLANG_WARN_STRICT_PROTOTYPES = YES;
				CLANG_WARN_SUSPICIOUS_MOVE = YES;
				CLANG_WARN_UNGUARDED_AVAILABILITY = YES_AGGRESSIVE;
				CLANG_WARN_UNREACHABLE_CODE = YES;
				CLANG_WARN__DUPLICATE_METHOD_MATCH = YES;
				COPY_PHASE_STRIP = NO;
				DEBUG_INFORMATION_FORMAT = dwarf;
				ENABLE_STRICT_OBJC_MSGSEND = YES;
				ENABLE_TESTABILITY = YES;
				GCC_C_LANGUAGE_STANDARD = gnu11;
				GCC_DYNAMIC_NO_PIC = NO;
				GCC_NO_COMMON_BLOCKS = YES;
				GCC_OPTIMIZATION_LEVEL = 0;
				GCC_PREPROCESSOR_DEFINITIONS = (
					"DEBUG=1",
					"$(inherited)",
				);
				GCC_WARN_64_TO_32_BIT_CONVERSION = YES;
				GCC_WARN_ABOUT_RETURN_TYPE = YES_ERROR;
				GCC_WARN_UNDECLARED_SELECTOR = YES;
				GCC_WARN_UNINITIALIZED_AUTOS = YES_AGGRESSIVE;
				GCC_WARN_UNUSED_FUNCTION = YES;
				GCC_WARN_UNUSED_VARIABLE = YES;
				IPHONEOS_DEPLOYMENT_TARGET = 13.4;
				MTL_ENABLE_DEBUG_INFO = INCLUDE_SOURCE;
				MTL_FAST_MATH = YES;
				ONLY_ACTIVE_ARCH = YES;
				SDKROOT = iphoneos;
				SWIFT_ACTIVE_COMPILATION_CONDITIONS = DEBUG;
				SWIFT_OPTIMIZATION_LEVEL = "-Onone";
			};
			name = Debug;
		};
		9948C61D2464B9210056B344 /* Release */ = {
			isa = XCBuildConfiguration;
			buildSettings = {
				ALWAYS_SEARCH_USER_PATHS = NO;
				CLANG_ANALYZER_NONNULL = YES;
				CLANG_ANALYZER_NUMBER_OBJECT_CONVERSION = YES_AGGRESSIVE;
				CLANG_CXX_LANGUAGE_STANDARD = "gnu++14";
				CLANG_CXX_LIBRARY = "libc++";
				CLANG_ENABLE_MODULES = YES;
				CLANG_ENABLE_OBJC_ARC = YES;
				CLANG_ENABLE_OBJC_WEAK = YES;
				CLANG_WARN_BLOCK_CAPTURE_AUTORELEASING = YES;
				CLANG_WARN_BOOL_CONVERSION = YES;
				CLANG_WARN_COMMA = YES;
				CLANG_WARN_CONSTANT_CONVERSION = YES;
				CLANG_WARN_DEPRECATED_OBJC_IMPLEMENTATIONS = YES;
				CLANG_WARN_DIRECT_OBJC_ISA_USAGE = YES_ERROR;
				CLANG_WARN_DOCUMENTATION_COMMENTS = YES;
				CLANG_WARN_EMPTY_BODY = YES;
				CLANG_WARN_ENUM_CONVERSION = YES;
				CLANG_WARN_INFINITE_RECURSION = YES;
				CLANG_WARN_INT_CONVERSION = YES;
				CLANG_WARN_NON_LITERAL_NULL_CONVERSION = YES;
				CLANG_WARN_OBJC_IMPLICIT_RETAIN_SELF = YES;
				CLANG_WARN_OBJC_LITERAL_CONVERSION = YES;
				CLANG_WARN_OBJC_ROOT_CLASS = YES_ERROR;
				CLANG_WARN_RANGE_LOOP_ANALYSIS = YES;
				CLANG_WARN_STRICT_PROTOTYPES = YES;
				CLANG_WARN_SUSPICIOUS_MOVE = YES;
				CLANG_WARN_UNGUARDED_AVAILABILITY = YES_AGGRESSIVE;
				CLANG_WARN_UNREACHABLE_CODE = YES;
				CLANG_WARN__DUPLICATE_METHOD_MATCH = YES;
				COPY_PHASE_STRIP = NO;
				DEBUG_INFORMATION_FORMAT = "dwarf-with-dsym";
				ENABLE_NS_ASSERTIONS = NO;
				ENABLE_STRICT_OBJC_MSGSEND = YES;
				GCC_C_LANGUAGE_STANDARD = gnu11;
				GCC_NO_COMMON_BLOCKS = YES;
				GCC_WARN_64_TO_32_BIT_CONVERSION = YES;
				GCC_WARN_ABOUT_RETURN_TYPE = YES_ERROR;
				GCC_WARN_UNDECLARED_SELECTOR = YES;
				GCC_WARN_UNINITIALIZED_AUTOS = YES_AGGRESSIVE;
				GCC_WARN_UNUSED_FUNCTION = YES;
				GCC_WARN_UNUSED_VARIABLE = YES;
				IPHONEOS_DEPLOYMENT_TARGET = 13.4;
				MTL_ENABLE_DEBUG_INFO = NO;
				MTL_FAST_MATH = YES;
				SDKROOT = iphoneos;
				SWIFT_COMPILATION_MODE = wholemodule;
				SWIFT_OPTIMIZATION_LEVEL = "-O";
				VALIDATE_PRODUCT = YES;
			};
			name = Release;
		};
		9948C61F2464B9210056B344 /* Debug */ = {
			isa = XCBuildConfiguration;
			buildSettings = {
				ASSETCATALOG_COMPILER_APPICON_NAME = AppIcon;
				CODE_SIGN_STYLE = Automatic;
				DEVELOPMENT_ASSET_PATHS = "\"MaskDetector/Preview Content\"";
				ENABLE_PREVIEWS = YES;
				INFOPLIST_FILE = MaskDetector/Info.plist;
				LD_RUNPATH_SEARCH_PATHS = (
					"$(inherited)",
					"@executable_path/Frameworks",
				);
				PRODUCT_BUNDLE_IDENTIFIER = None.MaskDetector;
				PRODUCT_NAME = "$(TARGET_NAME)";
				SWIFT_VERSION = 5.0;
				TARGETED_DEVICE_FAMILY = "1,2";
			};
			name = Debug;
		};
		9948C6202464B9210056B344 /* Release */ = {
			isa = XCBuildConfiguration;
			buildSettings = {
				ASSETCATALOG_COMPILER_APPICON_NAME = AppIcon;
				CODE_SIGN_STYLE = Automatic;
				DEVELOPMENT_ASSET_PATHS = "\"MaskDetector/Preview Content\"";
				ENABLE_PREVIEWS = YES;
				INFOPLIST_FILE = MaskDetector/Info.plist;
				LD_RUNPATH_SEARCH_PATHS = (
					"$(inherited)",
					"@executable_path/Frameworks",
				);
				PRODUCT_BUNDLE_IDENTIFIER = None.MaskDetector;
				PRODUCT_NAME = "$(TARGET_NAME)";
				SWIFT_VERSION = 5.0;
				TARGETED_DEVICE_FAMILY = "1,2";
			};
			name = Release;
		};
		9948C6222464B9210056B344 /* Debug */ = {
			isa = XCBuildConfiguration;
			buildSettings = {
				ALWAYS_EMBED_SWIFT_STANDARD_LIBRARIES = YES;
				BUNDLE_LOADER = "$(TEST_HOST)";
				CODE_SIGN_STYLE = Automatic;
				INFOPLIST_FILE = MaskDetectorTests/Info.plist;
				IPHONEOS_DEPLOYMENT_TARGET = 13.4;
				LD_RUNPATH_SEARCH_PATHS = (
					"$(inherited)",
					"@executable_path/Frameworks",
					"@loader_path/Frameworks",
				);
				PRODUCT_BUNDLE_IDENTIFIER = None.MaskDetectorTests;
				PRODUCT_NAME = "$(TARGET_NAME)";
				SWIFT_VERSION = 5.0;
				TARGETED_DEVICE_FAMILY = "1,2";
				TEST_HOST = "$(BUILT_PRODUCTS_DIR)/MaskDetector.app/MaskDetector";
			};
			name = Debug;
		};
		9948C6232464B9210056B344 /* Release */ = {
			isa = XCBuildConfiguration;
			buildSettings = {
				ALWAYS_EMBED_SWIFT_STANDARD_LIBRARIES = YES;
				BUNDLE_LOADER = "$(TEST_HOST)";
				CODE_SIGN_STYLE = Automatic;
				INFOPLIST_FILE = MaskDetectorTests/Info.plist;
				IPHONEOS_DEPLOYMENT_TARGET = 13.4;
				LD_RUNPATH_SEARCH_PATHS = (
					"$(inherited)",
					"@executable_path/Frameworks",
					"@loader_path/Frameworks",
				);
				PRODUCT_BUNDLE_IDENTIFIER = None.MaskDetectorTests;
				PRODUCT_NAME = "$(TARGET_NAME)";
				SWIFT_VERSION = 5.0;
				TARGETED_DEVICE_FAMILY = "1,2";
				TEST_HOST = "$(BUILT_PRODUCTS_DIR)/MaskDetector.app/MaskDetector";
			};
			name = Release;
		};
		9948C6252464B9210056B344 /* Debug */ = {
			isa = XCBuildConfiguration;
			buildSettings = {
				ALWAYS_EMBED_SWIFT_STANDARD_LIBRARIES = YES;
				CODE_SIGN_STYLE = Automatic;
				INFOPLIST_FILE = MaskDetectorUITests/Info.plist;
				LD_RUNPATH_SEARCH_PATHS = (
					"$(inherited)",
					"@executable_path/Frameworks",
					"@loader_path/Frameworks",
				);
				PRODUCT_BUNDLE_IDENTIFIER = None.MaskDetectorUITests;
				PRODUCT_NAME = "$(TARGET_NAME)";
				SWIFT_VERSION = 5.0;
				TARGETED_DEVICE_FAMILY = "1,2";
				TEST_TARGET_NAME = MaskDetector;
			};
			name = Debug;
		};
		9948C6262464B9210056B344 /* Release */ = {
			isa = XCBuildConfiguration;
			buildSettings = {
				ALWAYS_EMBED_SWIFT_STANDARD_LIBRARIES = YES;
				CODE_SIGN_STYLE = Automatic;
				INFOPLIST_FILE = MaskDetectorUITests/Info.plist;
				LD_RUNPATH_SEARCH_PATHS = (
					"$(inherited)",
					"@executable_path/Frameworks",
					"@loader_path/Frameworks",
				);
				PRODUCT_BUNDLE_IDENTIFIER = None.MaskDetectorUITests;
				PRODUCT_NAME = "$(TARGET_NAME)";
				SWIFT_VERSION = 5.0;
				TARGETED_DEVICE_FAMILY = "1,2";
				TEST_TARGET_NAME = MaskDetector;
			};
			name = Release;
		};
/* End XCBuildConfiguration section */

/* Begin XCConfigurationList section */
		9948C5EF2464B91E0056B344 /* Build configuration list for PBXProject "MaskDetector" */ = {
			isa = XCConfigurationList;
			buildConfigurations = (
				9948C61C2464B9210056B344 /* Debug */,
				9948C61D2464B9210056B344 /* Release */,
			);
			defaultConfigurationIsVisible = 0;
			defaultConfigurationName = Release;
		};
		9948C61E2464B9210056B344 /* Build configuration list for PBXNativeTarget "MaskDetector" */ = {
			isa = XCConfigurationList;
			buildConfigurations = (
				9948C61F2464B9210056B344 /* Debug */,
				9948C6202464B9210056B344 /* Release */,
			);
			defaultConfigurationIsVisible = 0;
			defaultConfigurationName = Release;
		};
		9948C6212464B9210056B344 /* Build configuration list for PBXNativeTarget "MaskDetectorTests" */ = {
			isa = XCConfigurationList;
			buildConfigurations = (
				9948C6222464B9210056B344 /* Debug */,
				9948C6232464B9210056B344 /* Release */,
			);
			defaultConfigurationIsVisible = 0;
			defaultConfigurationName = Release;
		};
		9948C6242464B9210056B344 /* Build configuration list for PBXNativeTarget "MaskDetectorUITests" */ = {
			isa = XCConfigurationList;
			buildConfigurations = (
				9948C6252464B9210056B344 /* Debug */,
				9948C6262464B9210056B344 /* Release */,
			);
			defaultConfigurationIsVisible = 0;
			defaultConfigurationName = Release;
		};
/* End XCConfigurationList section */
	};
	rootObject = 9948C5EC2464B91E0056B344 /* Project object */;
}
